Microsoft Visual Studio Solution File, Format Version 12.00
# Visual Studio 15
VisualStudioVersion = 15.0.26730.16
MinimumVisualStudioVersion = 10.0.40219.1
Project("{D954291E-2A0B-460D-934E-DC6B0785DB48}") = "HIP", "HIP\HIP.shproj", "{84CBA4D3-768D-4494-97E1-4741B5057635}"
EndProject
Project("{FAE04EC0-301F-11D3-BF4B-00C04F79EFBC}") = "HIP.iOS", "iOS\HIP.iOS.csproj", "{F599AFAD-C6B7-4690-81B0-81041E9EB416}"
EndProject
Project("{FAE04EC0-301F-11D3-BF4B-00C04F79EFBC}") = "HIP.Droid", "Droid\HIP.Droid.csproj", "{C978A43C-F4BE-4261-9447-E3183F2F95BF}"
EndProject
Project("{9A19103F-16F7-4668-BE54-9A1E7A4F7556}") = "HIP.MobileAppService", "MobileAppService\HIP.MobileAppService.csproj", "{5B6A4DCF-BF24-4C2A-AC35-4A442AE0EBC0}"
EndProject
Project("{FAE04EC0-301F-11D3-BF4B-00C04F79EFBC}") = "HIP.UWP", "UWP\HIP.UWP.csproj", "{64B8CF77-B55F-45E9-90D1-4FC513773E8E}"
EndProject
Project("{E24C65DC-7377-472B-9ABA-BC803B73C61A}") = "AdminSite", "AdminSite\", "{2CC41CE4-FDAC-4A59-9B37-B66DC609B092}"
	ProjectSection(WebsiteProperties) = preProject
		TargetFrameworkMoniker = ".NETFramework,Version%3Dv4.6.1"
		Debug.AspNetCompiler.VirtualPath = "/localhost_12519"
		Debug.AspNetCompiler.PhysicalPath = "AdminSite\"
		Debug.AspNetCompiler.TargetPath = "PrecompiledWeb\localhost_12519\"
		Debug.AspNetCompiler.Updateable = "true"
		Debug.AspNetCompiler.ForceOverwrite = "true"
		Debug.AspNetCompiler.FixedNames = "false"
		Debug.AspNetCompiler.Debug = "True"
		Release.AspNetCompiler.VirtualPath = "/localhost_12519"
		Release.AspNetCompiler.PhysicalPath = "AdminSite\"
		Release.AspNetCompiler.TargetPath = "PrecompiledWeb\localhost_12519\"
		Release.AspNetCompiler.Updateable = "true"
		Release.AspNetCompiler.ForceOverwrite = "true"
		Release.AspNetCompiler.FixedNames = "false"
		Release.AspNetCompiler.Debug = "False"
		VWDPort = "12519"
		SlnRelativePath = "AdminSite\"
	EndProjectSection
EndProject
Global
	GlobalSection(SharedMSBuildProjectFiles) = preSolution
		HIP\HIP.projitems*{64b8cf77-b55f-45e9-90d1-4fc513773e8e}*SharedItemsImports = 4
		HIP\HIP.projitems*{84cba4d3-768d-4494-97e1-4741b5057635}*SharedItemsImports = 13
		HIP\HIP.projitems*{c978a43c-f4be-4261-9447-e3183f2f95bf}*SharedItemsImports = 4
		HIP\HIP.projitems*{f599afad-c6b7-4690-81b0-81041e9eb416}*SharedItemsImports = 4
	EndGlobalSection
	GlobalSection(SolutionConfigurationPlatforms) = preSolution
		Debug|Any CPU = Debug|Any CPU
		Debug|ARM = Debug|ARM
		Debug|iPhone = Debug|iPhone
		Debug|iPhoneSimulator = Debug|iPhoneSimulator
		Debug|x64 = Debug|x64
		Debug|x86 = Debug|x86
		Release|Any CPU = Release|Any CPU
		Release|ARM = Release|ARM
		Release|iPhone = Release|iPhone
		Release|iPhoneSimulator = Release|iPhoneSimulator
		Release|x64 = Release|x64
		Release|x86 = Release|x86
	EndGlobalSection
	GlobalSection(ProjectConfigurationPlatforms) = postSolution
		{F599AFAD-C6B7-4690-81B0-81041E9EB416}.Debug|Any CPU.ActiveCfg = Debug|iPhoneSimulator
		{F599AFAD-C6B7-4690-81B0-81041E9EB416}.Debug|Any CPU.Build.0 = Debug|iPhoneSimulator
		{F599AFAD-C6B7-4690-81B0-81041E9EB416}.Debug|ARM.ActiveCfg = Debug|iPhone
		{F599AFAD-C6B7-4690-81B0-81041E9EB416}.Debug|iPhone.ActiveCfg = Debug|iPhone
		{F599AFAD-C6B7-4690-81B0-81041E9EB416}.Debug|iPhone.Build.0 = Debug|iPhone
		{F599AFAD-C6B7-4690-81B0-81041E9EB416}.Debug|iPhoneSimulator.ActiveCfg = Debug|iPhoneSimulator
		{F599AFAD-C6B7-4690-81B0-81041E9EB416}.Debug|iPhoneSimulator.Build.0 = Debug|iPhoneSimulator
		{F599AFAD-C6B7-4690-81B0-81041E9EB416}.Debug|x64.ActiveCfg = Debug|iPhone
		{F599AFAD-C6B7-4690-81B0-81041E9EB416}.Debug|x86.ActiveCfg = Debug|iPhone
		{F599AFAD-C6B7-4690-81B0-81041E9EB416}.Release|Any CPU.ActiveCfg = Release|iPhone
		{F599AFAD-C6B7-4690-81B0-81041E9EB416}.Release|Any CPU.Build.0 = Release|iPhone
		{F599AFAD-C6B7-4690-81B0-81041E9EB416}.Release|ARM.ActiveCfg = Release|iPhoneSimulator
		{F599AFAD-C6B7-4690-81B0-81041E9EB416}.Release|iPhone.ActiveCfg = Release|iPhone
		{F599AFAD-C6B7-4690-81B0-81041E9EB416}.Release|iPhone.Build.0 = Release|iPhone
		{F599AFAD-C6B7-4690-81B0-81041E9EB416}.Release|iPhoneSimulator.ActiveCfg = Release|iPhoneSimulator
		{F599AFAD-C6B7-4690-81B0-81041E9EB416}.Release|iPhoneSimulator.Build.0 = Release|iPhoneSimulator
		{F599AFAD-C6B7-4690-81B0-81041E9EB416}.Release|x64.ActiveCfg = Release|iPhoneSimulator
		{F599AFAD-C6B7-4690-81B0-81041E9EB416}.Release|x86.ActiveCfg = Release|iPhoneSimulator
		{C978A43C-F4BE-4261-9447-E3183F2F95BF}.Debug|Any CPU.ActiveCfg = Debug|Any CPU
		{C978A43C-F4BE-4261-9447-E3183F2F95BF}.Debug|Any CPU.Build.0 = Debug|Any CPU
		{C978A43C-F4BE-4261-9447-E3183F2F95BF}.Debug|Any CPU.Deploy.0 = Debug|Any CPU
		{C978A43C-F4BE-4261-9447-E3183F2F95BF}.Debug|ARM.ActiveCfg = Debug|Any CPU
		{C978A43C-F4BE-4261-9447-E3183F2F95BF}.Debug|ARM.Build.0 = Debug|Any CPU
		{C978A43C-F4BE-4261-9447-E3183F2F95BF}.Debug|ARM.Deploy.0 = Debug|Any CPU
		{C978A43C-F4BE-4261-9447-E3183F2F95BF}.Debug|iPhone.ActiveCfg = Debug|Any CPU
		{C978A43C-F4BE-4261-9447-E3183F2F95BF}.Debug|iPhone.Build.0 = Debug|Any CPU
		{C978A43C-F4BE-4261-9447-E3183F2F95BF}.Debug|iPhoneSimulator.ActiveCfg = Debug|Any CPU
		{C978A43C-F4BE-4261-9447-E3183F2F95BF}.Debug|iPhoneSimulator.Build.0 = Debug|Any CPU
		{C978A43C-F4BE-4261-9447-E3183F2F95BF}.Debug|x64.ActiveCfg = Debug|Any CPU
		{C978A43C-F4BE-4261-9447-E3183F2F95BF}.Debug|x64.Build.0 = Debug|Any CPU
		{C978A43C-F4BE-4261-9447-E3183F2F95BF}.Debug|x64.Deploy.0 = Debug|Any CPU
		{C978A43C-F4BE-4261-9447-E3183F2F95BF}.Debug|x86.ActiveCfg = Debug|Any CPU
		{C978A43C-F4BE-4261-9447-E3183F2F95BF}.Debug|x86.Build.0 = Debug|Any CPU
		{C978A43C-F4BE-4261-9447-E3183F2F95BF}.Debug|x86.Deploy.0 = Debug|Any CPU
		{C978A43C-F4BE-4261-9447-E3183F2F95BF}.Release|Any CPU.ActiveCfg = Release|Any CPU
		{C978A43C-F4BE-4261-9447-E3183F2F95BF}.Release|Any CPU.Build.0 = Release|Any CPU
		{C978A43C-F4BE-4261-9447-E3183F2F95BF}.Release|ARM.ActiveCfg = Release|Any CPU
		{C978A43C-F4BE-4261-9447-E3183F2F95BF}.Release|ARM.Build.0 = Release|Any CPU
		{C978A43C-F4BE-4261-9447-E3183F2F95BF}.Release|ARM.Deploy.0 = Release|Any CPU
		{C978A43C-F4BE-4261-9447-E3183F2F95BF}.Release|iPhone.ActiveCfg = Release|Any CPU
		{C978A43C-F4BE-4261-9447-E3183F2F95BF}.Release|iPhone.Build.0 = Release|Any CPU
		{C978A43C-F4BE-4261-9447-E3183F2F95BF}.Release|iPhoneSimulator.ActiveCfg = Release|Any CPU
		{C978A43C-F4BE-4261-9447-E3183F2F95BF}.Release|iPhoneSimulator.Build.0 = Release|Any CPU
		{C978A43C-F4BE-4261-9447-E3183F2F95BF}.Release|x64.ActiveCfg = Release|Any CPU
		{C978A43C-F4BE-4261-9447-E3183F2F95BF}.Release|x64.Build.0 = Release|Any CPU
		{C978A43C-F4BE-4261-9447-E3183F2F95BF}.Release|x64.Deploy.0 = Release|Any CPU
		{C978A43C-F4BE-4261-9447-E3183F2F95BF}.Release|x86.ActiveCfg = Release|Any CPU
		{C978A43C-F4BE-4261-9447-E3183F2F95BF}.Release|x86.Build.0 = Release|Any CPU
		{C978A43C-F4BE-4261-9447-E3183F2F95BF}.Release|x86.Deploy.0 = Release|Any CPU
		{5B6A4DCF-BF24-4C2A-AC35-4A442AE0EBC0}.Debug|Any CPU.ActiveCfg = Debug|Any CPU
		{5B6A4DCF-BF24-4C2A-AC35-4A442AE0EBC0}.Debug|Any CPU.Build.0 = Debug|Any CPU
		{5B6A4DCF-BF24-4C2A-AC35-4A442AE0EBC0}.Debug|ARM.ActiveCfg = Debug|Any CPU
		{5B6A4DCF-BF24-4C2A-AC35-4A442AE0EBC0}.Debug|ARM.Build.0 = Debug|Any CPU
		{5B6A4DCF-BF24-4C2A-AC35-4A442AE0EBC0}.Debug|iPhone.ActiveCfg = Debug|Any CPU
		{5B6A4DCF-BF24-4C2A-AC35-4A442AE0EBC0}.Debug|iPhone.Build.0 = Debug|Any CPU
		{5B6A4DCF-BF24-4C2A-AC35-4A442AE0EBC0}.Debug|iPhoneSimulator.ActiveCfg = Debug|Any CPU
		{5B6A4DCF-BF24-4C2A-AC35-4A442AE0EBC0}.Debug|iPhoneSimulator.Build.0 = Debug|Any CPU
		{5B6A4DCF-BF24-4C2A-AC35-4A442AE0EBC0}.Debug|x64.ActiveCfg = Debug|Any CPU
		{5B6A4DCF-BF24-4C2A-AC35-4A442AE0EBC0}.Debug|x64.Build.0 = Debug|Any CPU
		{5B6A4DCF-BF24-4C2A-AC35-4A442AE0EBC0}.Debug|x86.ActiveCfg = Debug|Any CPU
		{5B6A4DCF-BF24-4C2A-AC35-4A442AE0EBC0}.Debug|x86.Build.0 = Debug|Any CPU
		{5B6A4DCF-BF24-4C2A-AC35-4A442AE0EBC0}.Release|Any CPU.ActiveCfg = Release|Any CPU
		{5B6A4DCF-BF24-4C2A-AC35-4A442AE0EBC0}.Release|ARM.ActiveCfg = Release|Any CPU
		{5B6A4DCF-BF24-4C2A-AC35-4A442AE0EBC0}.Release|ARM.Build.0 = Release|Any CPU
		{5B6A4DCF-BF24-4C2A-AC35-4A442AE0EBC0}.Release|iPhone.ActiveCfg = Release|Any CPU
		{5B6A4DCF-BF24-4C2A-AC35-4A442AE0EBC0}.Release|iPhoneSimulator.ActiveCfg = Release|Any CPU
		{5B6A4DCF-BF24-4C2A-AC35-4A442AE0EBC0}.Release|x64.ActiveCfg = Release|Any CPU
		{5B6A4DCF-BF24-4C2A-AC35-4A442AE0EBC0}.Release|x64.Build.0 = Release|Any CPU
		{5B6A4DCF-BF24-4C2A-AC35-4A442AE0EBC0}.Release|x86.ActiveCfg = Release|Any CPU
		{64B8CF77-B55F-45E9-90D1-4FC513773E8E}.Debug|Any CPU.ActiveCfg = Debug|x86
		{64B8CF77-B55F-45E9-90D1-4FC513773E8E}.Debug|Any CPU.Build.0 = Debug|x86
		{64B8CF77-B55F-45E9-90D1-4FC513773E8E}.Debug|Any CPU.Deploy.0 = Debug|x86
		{64B8CF77-B55F-45E9-90D1-4FC513773E8E}.Debug|ARM.ActiveCfg = Debug|ARM
		{64B8CF77-B55F-45E9-90D1-4FC513773E8E}.Debug|ARM.Build.0 = Debug|ARM
		{64B8CF77-B55F-45E9-90D1-4FC513773E8E}.Debug|ARM.Deploy.0 = Debug|ARM
		{64B8CF77-B55F-45E9-90D1-4FC513773E8E}.Debug|iPhone.ActiveCfg = Debug|x86
		{64B8CF77-B55F-45E9-90D1-4FC513773E8E}.Debug|iPhoneSimulator.ActiveCfg = Debug|x86
		{64B8CF77-B55F-45E9-90D1-4FC513773E8E}.Debug|x64.ActiveCfg = Debug|x64
		{64B8CF77-B55F-45E9-90D1-4FC513773E8E}.Debug|x64.Build.0 = Debug|x64
		{64B8CF77-B55F-45E9-90D1-4FC513773E8E}.Debug|x64.Deploy.0 = Debug|x64
		{64B8CF77-B55F-45E9-90D1-4FC513773E8E}.Debug|x86.ActiveCfg = Debug|x86
		{64B8CF77-B55F-45E9-90D1-4FC513773E8E}.Debug|x86.Build.0 = Debug|x86
		{64B8CF77-B55F-45E9-90D1-4FC513773E8E}.Debug|x86.Deploy.0 = Debug|x86
		{64B8CF77-B55F-45E9-90D1-4FC513773E8E}.Release|Any CPU.ActiveCfg = Release|x86
		{64B8CF77-B55F-45E9-90D1-4FC513773E8E}.Release|ARM.ActiveCfg = Release|ARM
		{64B8CF77-B55F-45E9-90D1-4FC513773E8E}.Release|ARM.Build.0 = Release|ARM
		{64B8CF77-B55F-45E9-90D1-4FC513773E8E}.Release|ARM.Deploy.0 = Release|ARM
		{64B8CF77-B55F-45E9-90D1-4FC513773E8E}.Release|iPhone.ActiveCfg = Release|x86
		{64B8CF77-B55F-45E9-90D1-4FC513773E8E}.Release|iPhoneSimulator.ActiveCfg = Release|x86
		{64B8CF77-B55F-45E9-90D1-4FC513773E8E}.Release|x64.ActiveCfg = Release|x64
		{64B8CF77-B55F-45E9-90D1-4FC513773E8E}.Release|x64.Build.0 = Release|x64
		{64B8CF77-B55F-45E9-90D1-4FC513773E8E}.Release|x64.Deploy.0 = Release|x64
		{64B8CF77-B55F-45E9-90D1-4FC513773E8E}.Release|x86.ActiveCfg = Release|x86
		{64B8CF77-B55F-45E9-90D1-4FC513773E8E}.Release|x86.Build.0 = Release|x86
		{64B8CF77-B55F-45E9-90D1-4FC513773E8E}.Release|x86.Deploy.0 = Release|x86
		{2CC41CE4-FDAC-4A59-9B37-B66DC609B092}.Debug|Any CPU.ActiveCfg = Debug|Any CPU
		{2CC41CE4-FDAC-4A59-9B37-B66DC609B092}.Debug|Any CPU.Build.0 = Debug|Any CPU
		{2CC41CE4-FDAC-4A59-9B37-B66DC609B092}.Debug|ARM.ActiveCfg = Debug|Any CPU
		{2CC41CE4-FDAC-4A59-9B37-B66DC609B092}.Debug|ARM.Build.0 = Debug|Any CPU
		{2CC41CE4-FDAC-4A59-9B37-B66DC609B092}.Debug|iPhone.ActiveCfg = Debug|Any CPU
		{2CC41CE4-FDAC-4A59-9B37-B66DC609B092}.Debug|iPhone.Build.0 = Debug|Any CPU
		{2CC41CE4-FDAC-4A59-9B37-B66DC609B092}.Debug|iPhoneSimulator.ActiveCfg = Debug|Any CPU
		{2CC41CE4-FDAC-4A59-9B37-B66DC609B092}.Debug|iPhoneSimulator.Build.0 = Debug|Any CPU
		{2CC41CE4-FDAC-4A59-9B37-B66DC609B092}.Debug|x64.ActiveCfg = Debug|Any CPU
		{2CC41CE4-FDAC-4A59-9B37-B66DC609B092}.Debug|x64.Build.0 = Debug|Any CPU
		{2CC41CE4-FDAC-4A59-9B37-B66DC609B092}.Debug|x86.ActiveCfg = Debug|Any CPU
		{2CC41CE4-FDAC-4A59-9B37-B66DC609B092}.Debug|x86.Build.0 = Debug|Any CPU
		{2CC41CE4-FDAC-4A59-9B37-B66DC609B092}.Release|Any CPU.ActiveCfg = Debug|Any CPU
		{2CC41CE4-FDAC-4A59-9B37-B66DC609B092}.Release|Any CPU.Build.0 = Debug|Any CPU
		{2CC41CE4-FDAC-4A59-9B37-B66DC609B092}.Release|ARM.ActiveCfg = Debug|Any CPU
		{2CC41CE4-FDAC-4A59-9B37-B66DC609B092}.Release|ARM.Build.0 = Debug|Any CPU
		{2CC41CE4-FDAC-4A59-9B37-B66DC609B092}.Release|iPhone.ActiveCfg = Debug|Any CPU
		{2CC41CE4-FDAC-4A59-9B37-B66DC609B092}.Release|iPhone.Build.0 = Debug|Any CPU
		{2CC41CE4-FDAC-4A59-9B37-B66DC609B092}.Release|iPhoneSimulator.ActiveCfg = Debug|Any CPU
		{2CC41CE4-FDAC-4A59-9B37-B66DC609B092}.Release|iPhoneSimulator.Build.0 = Debug|Any CPU
		{2CC41CE4-FDAC-4A59-9B37-B66DC609B092}.Release|x64.ActiveCfg = Debug|Any CPU
		{2CC41CE4-FDAC-4A59-9B37-B66DC609B092}.Release|x64.Build.0 = Debug|Any CPU
		{2CC41CE4-FDAC-4A59-9B37-B66DC609B092}.Release|x86.ActiveCfg = Debug|Any CPU
		{2CC41CE4-FDAC-4A59-9B37-B66DC609B092}.Release|x86.Build.0 = Debug|Any CPU
	EndGlobalSection
	GlobalSection(SolutionProperties) = preSolution
		HideSolutionNode = FALSE
	EndGlobalSection
	GlobalSection(ExtensibilityGlobals) = postSolution
		SolutionGuid = {3347F934-B0F0-4215-9B61-880E6646F66A}
	EndGlobalSection
EndGlobal
